
Microsoft Visual Studio Solution File, Format Version 12.00
# Visual Studio Version 16
VisualStudioVersion = 16.0.29209.62
MinimumVisualStudioVersion = 10.0.40219.1
Project("{FAE04EC0-301F-11D3-BF4B-00C04F79EFBC}") = "ShowSemanticSeg", "ShowSemanticSeg\ShowSemanticSeg.csproj", "{5033C3C7-FA5F-40D1-B8F5-27808689E631}"
EndProject
Global
	GlobalSection(SolutionConfigurationPlatforms) = preSolution
		Debug|Any CPU = Debug|Any CPU
		Release|Any CPU = Release|Any CPU
	EndGlobalSection
	GlobalSection(ProjectConfigurationPlatforms) = postSolution
		{5033C3C7-FA5F-40D1-B8F5-27808689E631}.Debug|Any CPU.ActiveCfg = Debug|Any CPU
		{5033C3C7-FA5F-40D1-B8F5-27808689E631}.Debug|Any CPU.Build.0 = Debug|Any CPU
		{5033C3C7-FA5F-40D1-B8F5-27808689E631}.Release|Any CPU.ActiveCfg = Release|Any CPU
		{5033C3C7-FA5F-40D1-B8F5-27808689E631}.Release|Any CPU.Build.0 = Release|Any CPU
	EndGlobalSection
	GlobalSection(SolutionProperties) = preSolution
		HideSolutionNode = FALSE
	EndGlobalSection
	GlobalSection(ExtensibilityGlobals) = postSolution
		SolutionGuid = {5CADCA3C-D192-41AE-BDBB-C2131F907908}
	EndGlobalSection
EndGlobal
